// !$*UTF8*$!
{
	archiveVersion = 1;
	classes = {
	};
	objectVersion = 51;
	objects = {

/* Begin PBXBuildFile section */
		41CA5DB324B0A6AE00676BBC /* GoogleService-Info.plist in Resources */ = {isa = PBXBuildFile; fileRef = 41CA5DB224B0A6AE00676BBC /* GoogleService-Info.plist */; };
		41CA5DB624B0C65D00676BBC /* OstrichSans-Heavy.otf in Resources */ = {isa = PBXBuildFile; fileRef = 41CA5DB424B0C65C00676BBC /* OstrichSans-Heavy.otf */; };
		41CA5DB724B0C65D00676BBC /* ostrich-regular.ttf in Resources */ = {isa = PBXBuildFile; fileRef = 41CA5DB524B0C65D00676BBC /* ostrich-regular.ttf */; };
		41CA5DBA24B0C73200676BBC /* AvenirNextLTPro-Regular.otf in Resources */ = {isa = PBXBuildFile; fileRef = 41CA5DB824B0C73200676BBC /* AvenirNextLTPro-Regular.otf */; };
		41CA5DBB24B0C73200676BBC /* AvenirNextLTPro-Bold.otf in Resources */ = {isa = PBXBuildFile; fileRef = 41CA5DB924B0C73200676BBC /* AvenirNextLTPro-Bold.otf */; };
		41CA5DC124B0CE7800676BBC /* SignInViewController.m in Sources */ = {isa = PBXBuildFile; fileRef = 41CA5DC024B0CE7800676BBC /* SignInViewController.m */; };
		41CA5DC624B0CEA300676BBC /* SignUpViewController.m in Sources */ = {isa = PBXBuildFile; fileRef = 41CA5DC524B0CEA300676BBC /* SignUpViewController.m */; };
		41CA5DCA24B0D05100676BBC /* Utilities.m in Sources */ = {isa = PBXBuildFile; fileRef = 41CA5DC924B0D05100676BBC /* Utilities.m */; };
		41EED31124B0914C00945C94 /* AppDelegate.m in Sources */ = {isa = PBXBuildFile; fileRef = 41EED31024B0914C00945C94 /* AppDelegate.m */; };
		41EED31424B0914C00945C94 /* SceneDelegate.m in Sources */ = {isa = PBXBuildFile; fileRef = 41EED31324B0914C00945C94 /* SceneDelegate.m */; };
		41EED31724B0914C00945C94 /* AuthViewController.m in Sources */ = {isa = PBXBuildFile; fileRef = 41EED31624B0914C00945C94 /* AuthViewController.m */; };
		41EED31A24B0914C00945C94 /* Main.storyboard in Resources */ = {isa = PBXBuildFile; fileRef = 41EED31824B0914C00945C94 /* Main.storyboard */; };
		41EED31C24B0914D00945C94 /* Assets.xcassets in Resources */ = {isa = PBXBuildFile; fileRef = 41EED31B24B0914D00945C94 /* Assets.xcassets */; };
		41EED31F24B0914D00945C94 /* LaunchScreen.storyboard in Resources */ = {isa = PBXBuildFile; fileRef = 41EED31D24B0914D00945C94 /* LaunchScreen.storyboard */; };
		41EED32224B0914D00945C94 /* main.m in Sources */ = {isa = PBXBuildFile; fileRef = 41EED32124B0914D00945C94 /* main.m */; };
		A7632686DFA36DD83FFCE898 /* Pods_NoteApp.framework in Frameworks */ = {isa = PBXBuildFile; fileRef = EF42CAE1EAAD18EEE0F117D5 /* Pods_NoteApp.framework */; };
/* End PBXBuildFile section */

/* Begin PBXFileReference section */
		41CA5DB224B0A6AE00676BBC /* GoogleService-Info.plist */ = {isa = PBXFileReference; fileEncoding = 4; lastKnownFileType = text.plist.xml; path = "GoogleService-Info.plist"; sourceTree = "<group>"; };
		41CA5DB424B0C65C00676BBC /* OstrichSans-Heavy.otf */ = {isa = PBXFileReference; lastKnownFileType = file; path = "OstrichSans-Heavy.otf"; sourceTree = "<group>"; };
		41CA5DB524B0C65D00676BBC /* ostrich-regular.ttf */ = {isa = PBXFileReference; lastKnownFileType = file; path = "ostrich-regular.ttf"; sourceTree = "<group>"; };
		41CA5DB824B0C73200676BBC /* AvenirNextLTPro-Regular.otf */ = {isa = PBXFileReference; lastKnownFileType = file; path = "AvenirNextLTPro-Regular.otf"; sourceTree = "<group>"; };
		41CA5DB924B0C73200676BBC /* AvenirNextLTPro-Bold.otf */ = {isa = PBXFileReference; lastKnownFileType = file; path = "AvenirNextLTPro-Bold.otf"; sourceTree = "<group>"; };
		41CA5DBF24B0CE7800676BBC /* SignInViewController.h */ = {isa = PBXFileReference; lastKnownFileType = sourcecode.c.h; path = SignInViewController.h; sourceTree = "<group>"; };
		41CA5DC024B0CE7800676BBC /* SignInViewController.m */ = {isa = PBXFileReference; lastKnownFileType = sourcecode.c.objc; path = SignInViewController.m; sourceTree = "<group>"; };
		41CA5DC424B0CEA300676BBC /* SignUpViewController.h */ = {isa = PBXFileReference; lastKnownFileType = sourcecode.c.h; path = SignUpViewController.h; sourceTree = "<group>"; };
		41CA5DC524B0CEA300676BBC /* SignUpViewController.m */ = {isa = PBXFileReference; lastKnownFileType = sourcecode.c.objc; path = SignUpViewController.m; sourceTree = "<group>"; };
		41CA5DC824B0D05100676BBC /* Utilities.h */ = {isa = PBXFileReference; lastKnownFileType = sourcecode.c.h; path = Utilities.h; sourceTree = "<group>"; };
		41CA5DC924B0D05100676BBC /* Utilities.m */ = {isa = PBXFileReference; lastKnownFileType = sourcecode.c.objc; path = Utilities.m; sourceTree = "<group>"; };
		41EED30C24B0914C00945C94 /* NoteApp.app */ = {isa = PBXFileReference; explicitFileType = wrapper.application; includeInIndex = 0; path = NoteApp.app; sourceTree = BUILT_PRODUCTS_DIR; };
		41EED30F24B0914C00945C94 /* AppDelegate.h */ = {isa = PBXFileReference; lastKnownFileType = sourcecode.c.h; path = AppDelegate.h; sourceTree = "<group>"; };
		41EED31024B0914C00945C94 /* AppDelegate.m */ = {isa = PBXFileReference; lastKnownFileType = sourcecode.c.objc; path = AppDelegate.m; sourceTree = "<group>"; };
		41EED31224B0914C00945C94 /* SceneDelegate.h */ = {isa = PBXFileReference; lastKnownFileType = sourcecode.c.h; path = SceneDelegate.h; sourceTree = "<group>"; };
		41EED31324B0914C00945C94 /* SceneDelegate.m */ = {isa = PBXFileReference; lastKnownFileType = sourcecode.c.objc; path = SceneDelegate.m; sourceTree = "<group>"; };
		41EED31524B0914C00945C94 /* AuthViewController.h */ = {isa = PBXFileReference; lastKnownFileType = sourcecode.c.h; path = AuthViewController.h; sourceTree = "<group>"; };
		41EED31624B0914C00945C94 /* AuthViewController.m */ = {isa = PBXFileReference; lastKnownFileType = sourcecode.c.objc; path = AuthViewController.m; sourceTree = "<group>"; };
		41EED31924B0914C00945C94 /* Base */ = {isa = PBXFileReference; lastKnownFileType = file.storyboard; name = Base; path = Base.lproj/Main.storyboard; sourceTree = "<group>"; };
		41EED31B24B0914D00945C94 /* Assets.xcassets */ = {isa = PBXFileReference; lastKnownFileType = folder.assetcatalog; path = Assets.xcassets; sourceTree = "<group>"; };
		41EED31E24B0914D00945C94 /* Base */ = {isa = PBXFileReference; lastKnownFileType = file.storyboard; name = Base; path = Base.lproj/LaunchScreen.storyboard; sourceTree = "<group>"; };
		41EED32024B0914D00945C94 /* Info.plist */ = {isa = PBXFileReference; lastKnownFileType = text.plist.xml; path = Info.plist; sourceTree = "<group>"; };
		41EED32124B0914D00945C94 /* main.m */ = {isa = PBXFileReference; lastKnownFileType = sourcecode.c.objc; path = main.m; sourceTree = "<group>"; };
		BF30633594EC10B9DD1DF2DE /* Pods-NoteApp.release.xcconfig */ = {isa = PBXFileReference; includeInIndex = 1; lastKnownFileType = text.xcconfig; name = "Pods-NoteApp.release.xcconfig"; path = "Target Support Files/Pods-NoteApp/Pods-NoteApp.release.xcconfig"; sourceTree = "<group>"; };
		E5E18AEA5A4DA5AC9B904BC0 /* Pods-NoteApp.debug.xcconfig */ = {isa = PBXFileReference; includeInIndex = 1; lastKnownFileType = text.xcconfig; name = "Pods-NoteApp.debug.xcconfig"; path = "Target Support Files/Pods-NoteApp/Pods-NoteApp.debug.xcconfig"; sourceTree = "<group>"; };
		EF42CAE1EAAD18EEE0F117D5 /* Pods_NoteApp.framework */ = {isa = PBXFileReference; explicitFileType = wrapper.framework; includeInIndex = 0; path = Pods_NoteApp.framework; sourceTree = BUILT_PRODUCTS_DIR; };
/* End PBXFileReference section */

/* Begin PBXFrameworksBuildPhase section */
		41EED30924B0914C00945C94 /* Frameworks */ = {
			isa = PBXFrameworksBuildPhase;
			buildActionMask = 2147483647;
			files = (
				A7632686DFA36DD83FFCE898 /* Pods_NoteApp.framework in Frameworks */,
			);
			runOnlyForDeploymentPostprocessing = 0;
		};
/* End PBXFrameworksBuildPhase section */

/* Begin PBXGroup section */
		41CA5DBC24B0C73700676BBC /* Resources */ = {
			isa = PBXGroup;
			children = (
				41CA5DB524B0C65D00676BBC /* ostrich-regular.ttf */,
				41CA5DB424B0C65C00676BBC /* OstrichSans-Heavy.otf */,
				41CA5DB924B0C73200676BBC /* AvenirNextLTPro-Bold.otf */,
				41CA5DB824B0C73200676BBC /* AvenirNextLTPro-Regular.otf */,
			);
			path = Resources;
			sourceTree = "<group>";
		};
		41CA5DBD24B0CE3300676BBC /* Auth */ = {
			isa = PBXGroup;
			children = (
				41CA5DBE24B0CE5400676BBC /* Auth */,
				41CA5DC324B0CE8B00676BBC /* SignUp */,
				41CA5DC224B0CE7C00676BBC /* SignIn */,
			);
			path = Auth;
			sourceTree = "<group>";
		};
		41CA5DBE24B0CE5400676BBC /* Auth */ = {
			isa = PBXGroup;
			children = (
				41EED31524B0914C00945C94 /* AuthViewController.h */,
				41EED31624B0914C00945C94 /* AuthViewController.m */,
			);
			path = Auth;
			sourceTree = "<group>";
		};
		41CA5DC224B0CE7C00676BBC /* SignIn */ = {
			isa = PBXGroup;
			children = (
				41CA5DBF24B0CE7800676BBC /* SignInViewController.h */,
				41CA5DC024B0CE7800676BBC /* SignInViewController.m */,
			);
			path = SignIn;
			sourceTree = "<group>";
		};
		41CA5DC324B0CE8B00676BBC /* SignUp */ = {
			isa = PBXGroup;
			children = (
				41CA5DC424B0CEA300676BBC /* SignUpViewController.h */,
				41CA5DC524B0CEA300676BBC /* SignUpViewController.m */,
			);
			path = SignUp;
			sourceTree = "<group>";
		};
		41CA5DC724B0CFF100676BBC /* Library */ = {
			isa = PBXGroup;
			children = (
				41CA5DC824B0D05100676BBC /* Utilities.h */,
				41CA5DC924B0D05100676BBC /* Utilities.m */,
			);
			path = Library;
			sourceTree = "<group>";
		};
		41EED30324B0914C00945C94 = {
			isa = PBXGroup;
			children = (
				41EED30E24B0914C00945C94 /* NoteApp */,
				41EED30D24B0914C00945C94 /* Products */,
				D9A6076ED9703991C4048AAD /* Pods */,
				47D0E1AF9CCE1EF08E1CF1A3 /* Frameworks */,
			);
			sourceTree = "<group>";
		};
		41EED30D24B0914C00945C94 /* Products */ = {
			isa = PBXGroup;
			children = (
				41EED30C24B0914C00945C94 /* NoteApp.app */,
			);
			name = Products;
			sourceTree = "<group>";
		};
		41EED30E24B0914C00945C94 /* NoteApp */ = {
			isa = PBXGroup;
			children = (
				41CA5DC724B0CFF100676BBC /* Library */,
				41CA5DBD24B0CE3300676BBC /* Auth */,
				41EED30F24B0914C00945C94 /* AppDelegate.h */,
				41EED31024B0914C00945C94 /* AppDelegate.m */,
				41EED31224B0914C00945C94 /* SceneDelegate.h */,
				41EED31324B0914C00945C94 /* SceneDelegate.m */,
				41EED31824B0914C00945C94 /* Main.storyboard */,
				41EED31B24B0914D00945C94 /* Assets.xcassets */,
				41EED31D24B0914D00945C94 /* LaunchScreen.storyboard */,
				41EED32024B0914D00945C94 /* Info.plist */,
				41CA5DB224B0A6AE00676BBC /* GoogleService-Info.plist */,
				41CA5DBC24B0C73700676BBC /* Resources */,
				41EED32124B0914D00945C94 /* main.m */,
			);
			path = NoteApp;
			sourceTree = "<group>";
		};
		47D0E1AF9CCE1EF08E1CF1A3 /* Frameworks */ = {
			isa = PBXGroup;
			children = (
				EF42CAE1EAAD18EEE0F117D5 /* Pods_NoteApp.framework */,
			);
			name = Frameworks;
			sourceTree = "<group>";
		};
		D9A6076ED9703991C4048AAD /* Pods */ = {
			isa = PBXGroup;
			children = (
				E5E18AEA5A4DA5AC9B904BC0 /* Pods-NoteApp.debug.xcconfig */,
				BF30633594EC10B9DD1DF2DE /* Pods-NoteApp.release.xcconfig */,
			);
			path = Pods;
			sourceTree = "<group>";
		};
/* End PBXGroup section */

/* Begin PBXNativeTarget section */
		41EED30B24B0914C00945C94 /* NoteApp */ = {
			isa = PBXNativeTarget;
			buildConfigurationList = 41EED32524B0914D00945C94 /* Build configuration list for PBXNativeTarget "NoteApp" */;
			buildPhases = (
				B897AE767EEBD6D455E92759 /* [CP] Check Pods Manifest.lock */,
				41EED30824B0914C00945C94 /* Sources */,
				41EED30924B0914C00945C94 /* Frameworks */,
				41EED30A24B0914C00945C94 /* Resources */,
				482304F5885183B330D15F8D /* [CP] Embed Pods Frameworks */,
			);
			buildRules = (
			);
			dependencies = (
			);
			name = NoteApp;
			productName = NoteApp;
			productReference = 41EED30C24B0914C00945C94 /* NoteApp.app */;
			productType = "com.apple.product-type.application";
		};
/* End PBXNativeTarget section */

/* Begin PBXProject section */
		41EED30424B0914C00945C94 /* Project object */ = {
			isa = PBXProject;
			attributes = {
				LastUpgradeCheck = 1100;
				ORGANIZATIONNAME = mag;
				TargetAttributes = {
					41EED30B24B0914C00945C94 = {
						CreatedOnToolsVersion = 11.0;
					};
				};
			};
			buildConfigurationList = 41EED30724B0914C00945C94 /* Build configuration list for PBXProject "NoteApp" */;
			compatibilityVersion = "Xcode 9.3";
			developmentRegion = en;
			hasScannedForEncodings = 0;
			knownRegions = (
				en,
				Base,
			);
			mainGroup = 41EED30324B0914C00945C94;
			productRefGroup = 41EED30D24B0914C00945C94 /* Products */;
			projectDirPath = "";
			projectRoot = "";
			targets = (
				41EED30B24B0914C00945C94 /* NoteApp */,
			);
		};
/* End PBXProject section */

/* Begin PBXResourcesBuildPhase section */
		41EED30A24B0914C00945C94 /* Resources */ = {
			isa = PBXResourcesBuildPhase;
			buildActionMask = 2147483647;
			files = (
				41EED31F24B0914D00945C94 /* LaunchScreen.storyboard in Resources */,
				41CA5DB324B0A6AE00676BBC /* GoogleService-Info.plist in Resources */,
				41CA5DBB24B0C73200676BBC /* AvenirNextLTPro-Bold.otf in Resources */,
				41CA5DB724B0C65D00676BBC /* ostrich-regular.ttf in Resources */,
				41CA5DBA24B0C73200676BBC /* AvenirNextLTPro-Regular.otf in Resources */,
				41EED31C24B0914D00945C94 /* Assets.xcassets in Resources */,
				41CA5DB624B0C65D00676BBC /* OstrichSans-Heavy.otf in Resources */,
				41EED31A24B0914C00945C94 /* Main.storyboard in Resources */,
			);
			runOnlyForDeploymentPostprocessing = 0;
		};
/* End PBXResourcesBuildPhase section */

/* Begin PBXShellScriptBuildPhase section */
		482304F5885183B330D15F8D /* [CP] Embed Pods Frameworks */ = {
			isa = PBXShellScriptBuildPhase;
			buildActionMask = 2147483647;
			files = (
			);
			inputFileListPaths = (
				"${PODS_ROOT}/Target Support Files/Pods-NoteApp/Pods-NoteApp-frameworks-${CONFIGURATION}-input-files.xcfilelist",
			);
			name = "[CP] Embed Pods Frameworks";
			outputFileListPaths = (
				"${PODS_ROOT}/Target Support Files/Pods-NoteApp/Pods-NoteApp-frameworks-${CONFIGURATION}-output-files.xcfilelist",
			);
			runOnlyForDeploymentPostprocessing = 0;
			shellPath = /bin/sh;
			shellScript = "\"${PODS_ROOT}/Target Support Files/Pods-NoteApp/Pods-NoteApp-frameworks.sh\"\n";
			showEnvVarsInLog = 0;
		};
		B897AE767EEBD6D455E92759 /* [CP] Check Pods Manifest.lock */ = {
			isa = PBXShellScriptBuildPhase;
			buildActionMask = 2147483647;
			files = (
			);
			inputFileListPaths = (
			);
			inputPaths = (
				"${PODS_PODFILE_DIR_PATH}/Podfile.lock",
				"${PODS_ROOT}/Manifest.lock",
			);
			name = "[CP] Check Pods Manifest.lock";
			outputFileListPaths = (
			);
			outputPaths = (
				"$(DERIVED_FILE_DIR)/Pods-NoteApp-checkManifestLockResult.txt",
			);
			runOnlyForDeploymentPostprocessing = 0;
			shellPath = /bin/sh;
			shellScript = "diff \"${PODS_PODFILE_DIR_PATH}/Podfile.lock\" \"${PODS_ROOT}/Manifest.lock\" > /dev/null\nif [ $? != 0 ] ; then\n    # print error to STDERR\n    echo \"error: The sandbox is not in sync with the Podfile.lock. Run 'pod install' or update your CocoaPods installation.\" >&2\n    exit 1\nfi\n# This output is used by Xcode 'outputs' to avoid re-running this script phase.\necho \"SUCCESS\" > \"${SCRIPT_OUTPUT_FILE_0}\"\n";
			showEnvVarsInLog = 0;
		};
/* End PBXShellScriptBuildPhase section */

/* Begin PBXSourcesBuildPhase section */
		41EED30824B0914C00945C94 /* Sources */ = {
			isa = PBXSourcesBuildPhase;
			buildActionMask = 2147483647;
			files = (
				41CA5DC124B0CE7800676BBC /* SignInViewController.m in Sources */,
				41EED31724B0914C00945C94 /* AuthViewController.m in Sources */,
				41CA5DC624B0CEA300676BBC /* SignUpViewController.m in Sources */,
				41EED31124B0914C00945C94 /* AppDelegate.m in Sources */,
				41EED32224B0914D00945C94 /* main.m in Sources */,
				41CA5DCA24B0D05100676BBC /* Utilities.m in Sources */,
				41EED31424B0914C00945C94 /* SceneDelegate.m in Sources */,
			);
			runOnlyForDeploymentPostprocessing = 0;
		};
/* End PBXSourcesBuildPhase section */

/* Begin PBXVariantGroup section */
		41EED31824B0914C00945C94 /* Main.storyboard */ = {
			isa = PBXVariantGroup;
			children = (
				41EED31924B0914C00945C94 /* Base */,
			);
			name = Main.storyboard;
			sourceTree = "<group>";
		};
		41EED31D24B0914D00945C94 /* LaunchScreen.storyboard */ = {
			isa = PBXVariantGroup;
			children = (
				41EED31E24B0914D00945C94 /* Base */,
			);
			name = LaunchScreen.storyboard;
			sourceTree = "<group>";
		};
/* End PBXVariantGroup section */

/* Begin XCBuildConfiguration section */
		41EED32324B0914D00945C94 /* Debug */ = {
			isa = XCBuildConfiguration;
			buildSettings = {
				ALWAYS_SEARCH_USER_PATHS = NO;
				CLANG_ANALYZER_NONNULL = YES;
				CLANG_ANALYZER_NUMBER_OBJECT_CONVERSION = YES_AGGRESSIVE;
				CLANG_CXX_LANGUAGE_STANDARD = "gnu++14";
				CLANG_CXX_LIBRARY = "libc++";
				CLANG_ENABLE_MODULES = YES;
				CLANG_ENABLE_OBJC_ARC = YES;
				CLANG_ENABLE_OBJC_WEAK = YES;
				CLANG_WARN_BLOCK_CAPTURE_AUTORELEASING = YES;
				CLANG_WARN_BOOL_CONVERSION = YES;
				CLANG_WARN_COMMA = YES;
				CLANG_WARN_CONSTANT_CONVERSION = YES;
				CLANG_WARN_DEPRECATED_OBJC_IMPLEMENTATIONS = YES;
				CLANG_WARN_DIRECT_OBJC_ISA_USAGE = YES_ERROR;
				CLANG_WARN_DOCUMENTATION_COMMENTS = YES;
				CLANG_WARN_EMPTY_BODY = YES;
				CLANG_WARN_ENUM_CONVERSION = YES;
				CLANG_WARN_INFINITE_RECURSION = YES;
				CLANG_WARN_INT_CONVERSION = YES;
				CLANG_WARN_NON_LITERAL_NULL_CONVERSION = YES;
				CLANG_WARN_OBJC_IMPLICIT_RETAIN_SELF = YES;
				CLANG_WARN_OBJC_LITERAL_CONVERSION = YES;
				CLANG_WARN_OBJC_ROOT_CLASS = YES_ERROR;
				CLANG_WARN_RANGE_LOOP_ANALYSIS = YES;
				CLANG_WARN_STRICT_PROTOTYPES = YES;
				CLANG_WARN_SUSPICIOUS_MOVE = YES;
				CLANG_WARN_UNGUARDED_AVAILABILITY = YES_AGGRESSIVE;
				CLANG_WARN_UNREACHABLE_CODE = YES;
				CLANG_WARN__DUPLICATE_METHOD_MATCH = YES;
				COPY_PHASE_STRIP = NO;
				DEBUG_INFORMATION_FORMAT = dwarf;
				ENABLE_STRICT_OBJC_MSGSEND = YES;
				ENABLE_TESTABILITY = YES;
				GCC_C_LANGUAGE_STANDARD = gnu11;
				GCC_DYNAMIC_NO_PIC = NO;
				GCC_NO_COMMON_BLOCKS = YES;
				GCC_OPTIMIZATION_LEVEL = 0;
				GCC_PREPROCESSOR_DEFINITIONS = (
					"DEBUG=1",
					"$(inherited)",
				);
				GCC_WARN_64_TO_32_BIT_CONVERSION = YES;
				GCC_WARN_ABOUT_RETURN_TYPE = YES_ERROR;
				GCC_WARN_UNDECLARED_SELECTOR = YES;
				GCC_WARN_UNINITIALIZED_AUTOS = YES_AGGRESSIVE;
				GCC_WARN_UNUSED_FUNCTION = YES;
				GCC_WARN_UNUSED_VARIABLE = YES;
				IPHONEOS_DEPLOYMENT_TARGET = 13.0;
				MTL_ENABLE_DEBUG_INFO = INCLUDE_SOURCE;
				MTL_FAST_MATH = YES;
				ONLY_ACTIVE_ARCH = YES;
				SDKROOT = iphoneos;
			};
			name = Debug;
		};
		41EED32424B0914D00945C94 /* Release */ = {
			isa = XCBuildConfiguration;
			buildSettings = {
				ALWAYS_SEARCH_USER_PATHS = NO;
				CLANG_ANALYZER_NONNULL = YES;
				CLANG_ANALYZER_NUMBER_OBJECT_CONVERSION = YES_AGGRESSIVE;
				CLANG_CXX_LANGUAGE_STANDARD = "gnu++14";
				CLANG_CXX_LIBRARY = "libc++";
				CLANG_ENABLE_MODULES = YES;
				CLANG_ENABLE_OBJC_ARC = YES;
				CLANG_ENABLE_OBJC_WEAK = YES;
				CLANG_WARN_BLOCK_CAPTURE_AUTORELEASING = YES;
				CLANG_WARN_BOOL_CONVERSION = YES;
				CLANG_WARN_COMMA = YES;
				CLANG_WARN_CONSTANT_CONVERSION = YES;
				CLANG_WARN_DEPRECATED_OBJC_IMPLEMENTATIONS = YES;
				CLANG_WARN_DIRECT_OBJC_ISA_USAGE = YES_ERROR;
				CLANG_WARN_DOCUMENTATION_COMMENTS = YES;
				CLANG_WARN_EMPTY_BODY = YES;
				CLANG_WARN_ENUM_CONVERSION = YES;
				CLANG_WARN_INFINITE_RECURSION = YES;
				CLANG_WARN_INT_CONVERSION = YES;
				CLANG_WARN_NON_LITERAL_NULL_CONVERSION = YES;
				CLANG_WARN_OBJC_IMPLICIT_RETAIN_SELF = YES;
				CLANG_WARN_OBJC_LITERAL_CONVERSION = YES;
				CLANG_WARN_OBJC_ROOT_CLASS = YES_ERROR;
				CLANG_WARN_RANGE_LOOP_ANALYSIS = YES;
				CLANG_WARN_STRICT_PROTOTYPES = YES;
				CLANG_WARN_SUSPICIOUS_MOVE = YES;
				CLANG_WARN_UNGUARDED_AVAILABILITY = YES_AGGRESSIVE;
				CLANG_WARN_UNREACHABLE_CODE = YES;
				CLANG_WARN__DUPLICATE_METHOD_MATCH = YES;
				COPY_PHASE_STRIP = NO;
				DEBUG_INFORMATION_FORMAT = "dwarf-with-dsym";
				ENABLE_NS_ASSERTIONS = NO;
				ENABLE_STRICT_OBJC_MSGSEND = YES;
				GCC_C_LANGUAGE_STANDARD = gnu11;
				GCC_NO_COMMON_BLOCKS = YES;
				GCC_WARN_64_TO_32_BIT_CONVERSION = YES;
				GCC_WARN_ABOUT_RETURN_TYPE = YES_ERROR;
				GCC_WARN_UNDECLARED_SELECTOR = YES;
				GCC_WARN_UNINITIALIZED_AUTOS = YES_AGGRESSIVE;
				GCC_WARN_UNUSED_FUNCTION = YES;
				GCC_WARN_UNUSED_VARIABLE = YES;
				IPHONEOS_DEPLOYMENT_TARGET = 13.0;
				MTL_ENABLE_DEBUG_INFO = NO;
				MTL_FAST_MATH = YES;
				SDKROOT = iphoneos;
				VALIDATE_PRODUCT = YES;
			};
			name = Release;
		};
		41EED32624B0914D00945C94 /* Debug */ = {
			isa = XCBuildConfiguration;
			baseConfigurationReference = E5E18AEA5A4DA5AC9B904BC0 /* Pods-NoteApp.debug.xcconfig */;
			buildSettings = {
				ASSETCATALOG_COMPILER_APPICON_NAME = AppIcon;
				CODE_SIGN_STYLE = Automatic;
				DEVELOPMENT_TEAM = LV394V58Y3;
				INFOPLIST_FILE = NoteApp/Info.plist;
				LD_RUNPATH_SEARCH_PATHS = (
					"$(inherited)",
					"@executable_path/Frameworks",
				);
				PRODUCT_BUNDLE_IDENTIFIER = com.mag.NoteApp;
				PRODUCT_NAME = "$(TARGET_NAME)";
				TARGETED_DEVICE_FAMILY = "1,2";
			};
			name = Debug;
		};
		41EED32724B0914D00945C94 /* Release */ = {
			isa = XCBuildConfiguration;
			baseConfigurationReference = BF30633594EC10B9DD1DF2DE /* Pods-NoteApp.release.xcconfig */;
			buildSettings = {
				ASSETCATALOG_COMPILER_APPICON_NAME = AppIcon;
				CODE_SIGN_STYLE = Automatic;
				DEVELOPMENT_TEAM = LV394V58Y3;
				INFOPLIST_FILE = NoteApp/Info.plist;
				LD_RUNPATH_SEARCH_PATHS = (
					"$(inherited)",
					"@executable_path/Frameworks",
				);
				PRODUCT_BUNDLE_IDENTIFIER = com.mag.NoteApp;
				PRODUCT_NAME = "$(TARGET_NAME)";
				TARGETED_DEVICE_FAMILY = "1,2";
			};
			name = Release;
		};
/* End XCBuildConfiguration section */

/* Begin XCConfigurationList section */
		41EED30724B0914C00945C94 /* Build configuration list for PBXProject "NoteApp" */ = {
			isa = XCConfigurationList;
			buildConfigurations = (
				41EED32324B0914D00945C94 /* Debug */,
				41EED32424B0914D00945C94 /* Release */,
			);
			defaultConfigurationIsVisible = 0;
			defaultConfigurationName = Release;
		};
		41EED32524B0914D00945C94 /* Build configuration list for PBXNativeTarget "NoteApp" */ = {
			isa = XCConfigurationList;
			buildConfigurations = (
				41EED32624B0914D00945C94 /* Debug */,
				41EED32724B0914D00945C94 /* Release */,
			);
			defaultConfigurationIsVisible = 0;
			defaultConfigurationName = Release;
		};
/* End XCConfigurationList section */
	};
	rootObject = 41EED30424B0914C00945C94 /* Project object */;
}
